
Microsoft Visual Studio Solution File, Format Version 12.00
# Visual Studio Version 17
VisualStudioVersion = 17.14.36301.6 d17.14
MinimumVisualStudioVersion = 10.0.40219.1
Project("{FAE04EC0-301F-11D3-BF4B-00C04F79EFBC}") = "CountDownWidget", "CountDownWidget.csproj", "{5760C9EE-12A9-CA7C-076A-997B2A447B48}"
EndProject
Global
	GlobalSection(SolutionConfigurationPlatforms) = preSolution
		Debug|Any CPU = Debug|Any CPU
		Release|Any CPU = Release|Any CPU
	EndGlobalSection
	GlobalSection(ProjectConfigurationPlatforms) = postSolution
		{5760C9EE-12A9-CA7C-076A-997B2A447B48}.Debug|Any CPU.ActiveCfg = Debug|Any CPU
		{5760C9EE-12A9-CA7C-076A-997B2A447B48}.Debug|Any CPU.Build.0 = Debug|Any CPU
		{5760C9EE-12A9-CA7C-076A-997B2A447B48}.Debug|Any CPU.Deploy.0 = Debug|Any CPU
		{5760C9EE-12A9-CA7C-076A-997B2A447B48}.Release|Any CPU.ActiveCfg = Release|Any CPU
		{5760C9EE-12A9-CA7C-076A-997B2A447B48}.Release|Any CPU.Build.0 = Release|Any CPU
	EndGlobalSection
	GlobalSection(SolutionProperties) = preSolution
		HideSolutionNode = FALSE
	EndGlobalSection
	GlobalSection(ExtensibilityGlobals) = postSolution
		SolutionGuid = {55544A6E-553D-461F-9C8B-6D95EFDEBE47}
	EndGlobalSection
EndGlobal
